// !$*UTF8*$!
{
	archiveVersion = 1;
	classes = {
	};
	objectVersion = 46;
	objects = {

/* Begin PBXBuildFile section */
		F272E4E0196B01F400C613B5 /* Foundation.framework in Frameworks */ = {isa = PBXBuildFile; fileRef = F272E4DF196B01F400C613B5 /* Foundation.framework */; };
		F272E4E2196B01F400C613B5 /* CoreGraphics.framework in Frameworks */ = {isa = PBXBuildFile; fileRef = F272E4E1196B01F400C613B5 /* CoreGraphics.framework */; };
		F272E4E4196B01F400C613B5 /* UIKit.framework in Frameworks */ = {isa = PBXBuildFile; fileRef = F272E4E3196B01F400C613B5 /* UIKit.framework */; };
		F272E4EA196B01F400C613B5 /* InfoPlist.strings in Resources */ = {isa = PBXBuildFile; fileRef = F272E4E8196B01F400C613B5 /* InfoPlist.strings */; };
		F272E4EC196B01F400C613B5 /* main.m in Sources */ = {isa = PBXBuildFile; fileRef = F272E4EB196B01F400C613B5 /* main.m */; };
		F272E4F0196B01F400C613B5 /* ICHAppDelegate.m in Sources */ = {isa = PBXBuildFile; fileRef = F272E4EF196B01F400C613B5 /* ICHAppDelegate.m */; };
		F272E4F3196B01F400C613B5 /* Main.storyboard in Resources */ = {isa = PBXBuildFile; fileRef = F272E4F1196B01F400C613B5 /* Main.storyboard */; };
		F272E4F6196B01F400C613B5 /* ICHViewController.m in Sources */ = {isa = PBXBuildFile; fileRef = F272E4F5196B01F400C613B5 /* ICHViewController.m */; };
		F272E4F8196B01F400C613B5 /* Images.xcassets in Resources */ = {isa = PBXBuildFile; fileRef = F272E4F7196B01F400C613B5 /* Images.xcassets */; };
		F272E4FF196B01F400C613B5 /* XCTest.framework in Frameworks */ = {isa = PBXBuildFile; fileRef = F272E4FE196B01F400C613B5 /* XCTest.framework */; };
		F272E500196B01F400C613B5 /* Foundation.framework in Frameworks */ = {isa = PBXBuildFile; fileRef = F272E4DF196B01F400C613B5 /* Foundation.framework */; };
		F272E501196B01F400C613B5 /* UIKit.framework in Frameworks */ = {isa = PBXBuildFile; fileRef = F272E4E3196B01F400C613B5 /* UIKit.framework */; };
		F272E509196B01F400C613B5 /* InfoPlist.strings in Resources */ = {isa = PBXBuildFile; fileRef = F272E507196B01F400C613B5 /* InfoPlist.strings */; };
		F272E50B196B01F400C613B5 /* ICHObjectPrinterTests.m in Sources */ = {isa = PBXBuildFile; fileRef = F272E50A196B01F400C613B5 /* ICHObjectPrinterTests.m */; };
		F272E517196B021A00C613B5 /* ICHObjectPrinter.m in Sources */ = {isa = PBXBuildFile; fileRef = F272E516196B021A00C613B5 /* ICHObjectPrinter.m */; };
		F272E51F196B023C00C613B5 /* ICHPerson.m in Sources */ = {isa = PBXBuildFile; fileRef = F272E51D196B023C00C613B5 /* ICHPerson.m */; };
/* End PBXBuildFile section */

/* Begin PBXContainerItemProxy section */
		F272E502196B01F400C613B5 /* PBXContainerItemProxy */ = {
			isa = PBXContainerItemProxy;
			containerPortal = F272E4D4196B01F400C613B5 /* Project object */;
			proxyType = 1;
			remoteGlobalIDString = F272E4DB196B01F400C613B5;
			remoteInfo = ICHObjectPrinter;
		};
/* End PBXContainerItemProxy section */

/* Begin PBXFileReference section */
		F272E4DC196B01F400C613B5 /* ICHObjectPrinter.app */ = {isa = PBXFileReference; explicitFileType = wrapper.application; includeInIndex = 0; path = ICHObjectPrinter.app; sourceTree = BUILT_PRODUCTS_DIR; };
		F272E4DF196B01F400C613B5 /* Foundation.framework */ = {isa = PBXFileReference; lastKnownFileType = wrapper.framework; name = Foundation.framework; path = System/Library/Frameworks/Foundation.framework; sourceTree = SDKROOT; };
		F272E4E1196B01F400C613B5 /* CoreGraphics.framework */ = {isa = PBXFileReference; lastKnownFileType = wrapper.framework; name = CoreGraphics.framework; path = System/Library/Frameworks/CoreGraphics.framework; sourceTree = SDKROOT; };
		F272E4E3196B01F400C613B5 /* UIKit.framework */ = {isa = PBXFileReference; lastKnownFileType = wrapper.framework; name = UIKit.framework; path = System/Library/Frameworks/UIKit.framework; sourceTree = SDKROOT; };
		F272E4E7196B01F400C613B5 /* ICHObjectPrinter-Info.plist */ = {isa = PBXFileReference; lastKnownFileType = text.plist.xml; path = "ICHObjectPrinter-Info.plist"; sourceTree = "<group>"; };
		F272E4E9196B01F400C613B5 /* en */ = {isa = PBXFileReference; lastKnownFileType = text.plist.strings; name = en; path = en.lproj/InfoPlist.strings; sourceTree = "<group>"; };
		F272E4EB196B01F400C613B5 /* main.m */ = {isa = PBXFileReference; lastKnownFileType = sourcecode.c.objc; path = main.m; sourceTree = "<group>"; };
		F272E4ED196B01F400C613B5 /* ICHObjectPrinter-Prefix.pch */ = {isa = PBXFileReference; lastKnownFileType = sourcecode.c.h; path = "ICHObjectPrinter-Prefix.pch"; sourceTree = "<group>"; };
		F272E4EE196B01F400C613B5 /* ICHAppDelegate.h */ = {isa = PBXFileReference; lastKnownFileType = sourcecode.c.h; path = ICHAppDelegate.h; sourceTree = "<group>"; };
		F272E4EF196B01F400C613B5 /* ICHAppDelegate.m */ = {isa = PBXFileReference; lastKnownFileType = sourcecode.c.objc; path = ICHAppDelegate.m; sourceTree = "<group>"; };
		F272E4F2196B01F400C613B5 /* Base */ = {isa = PBXFileReference; lastKnownFileType = file.storyboard; name = Base; path = Base.lproj/Main.storyboard; sourceTree = "<group>"; };
		F272E4F4196B01F400C613B5 /* ICHViewController.h */ = {isa = PBXFileReference; lastKnownFileType = sourcecode.c.h; path = ICHViewController.h; sourceTree = "<group>"; };
		F272E4F5196B01F400C613B5 /* ICHViewController.m */ = {isa = PBXFileReference; lastKnownFileType = sourcecode.c.objc; path = ICHViewController.m; sourceTree = "<group>"; };
		F272E4F7196B01F400C613B5 /* Images.xcassets */ = {isa = PBXFileReference; lastKnownFileType = folder.assetcatalog; path = Images.xcassets; sourceTree = "<group>"; };
		F272E4FD196B01F400C613B5 /* ICHObjectPrinterTests.xctest */ = {isa = PBXFileReference; explicitFileType = wrapper.cfbundle; includeInIndex = 0; path = ICHObjectPrinterTests.xctest; sourceTree = BUILT_PRODUCTS_DIR; };
		F272E4FE196B01F400C613B5 /* XCTest.framework */ = {isa = PBXFileReference; lastKnownFileType = wrapper.framework; name = XCTest.framework; path = Library/Frameworks/XCTest.framework; sourceTree = DEVELOPER_DIR; };
		F272E506196B01F400C613B5 /* ICHObjectPrinterTests-Info.plist */ = {isa = PBXFileReference; lastKnownFileType = text.plist.xml; path = "ICHObjectPrinterTests-Info.plist"; sourceTree = "<group>"; };
		F272E508196B01F400C613B5 /* en */ = {isa = PBXFileReference; lastKnownFileType = text.plist.strings; name = en; path = en.lproj/InfoPlist.strings; sourceTree = "<group>"; };
		F272E50A196B01F400C613B5 /* ICHObjectPrinterTests.m */ = {isa = PBXFileReference; lastKnownFileType = sourcecode.c.objc; path = ICHObjectPrinterTests.m; sourceTree = "<group>"; };
		F272E515196B021A00C613B5 /* ICHObjectPrinter.h */ = {isa = PBXFileReference; fileEncoding = 4; lastKnownFileType = sourcecode.c.h; path = ICHObjectPrinter.h; sourceTree = "<group>"; };
		F272E516196B021A00C613B5 /* ICHObjectPrinter.m */ = {isa = PBXFileReference; fileEncoding = 4; lastKnownFileType = sourcecode.c.objc; path = ICHObjectPrinter.m; sourceTree = "<group>"; };
		F272E51C196B023C00C613B5 /* ICHPerson.h */ = {isa = PBXFileReference; fileEncoding = 4; lastKnownFileType = sourcecode.c.h; path = ICHPerson.h; sourceTree = "<group>"; };
		F272E51D196B023C00C613B5 /* ICHPerson.m */ = {isa = PBXFileReference; fileEncoding = 4; lastKnownFileType = sourcecode.c.objc; path = ICHPerson.m; sourceTree = "<group>"; };
/* End PBXFileReference section */

/* Begin PBXFrameworksBuildPhase section */
		F272E4D9196B01F400C613B5 /* Frameworks */ = {
			isa = PBXFrameworksBuildPhase;
			buildActionMask = 2147483647;
			files = (
				F272E4E2196B01F400C613B5 /* CoreGraphics.framework in Frameworks */,
				F272E4E4196B01F400C613B5 /* UIKit.framework in Frameworks */,
				F272E4E0196B01F400C613B5 /* Foundation.framework in Frameworks */,
			);
			runOnlyForDeploymentPostprocessing = 0;
		};
		F272E4FA196B01F400C613B5 /* Frameworks */ = {
			isa = PBXFrameworksBuildPhase;
			buildActionMask = 2147483647;
			files = (
				F272E4FF196B01F400C613B5 /* XCTest.framework in Frameworks */,
				F272E501196B01F400C613B5 /* UIKit.framework in Frameworks */,
				F272E500196B01F400C613B5 /* Foundation.framework in Frameworks */,
			);
			runOnlyForDeploymentPostprocessing = 0;
		};
/* End PBXFrameworksBuildPhase section */

/* Begin PBXGroup section */
		F272E4D3196B01F400C613B5 = {
			isa = PBXGroup;
			children = (
				F272E4E5196B01F400C613B5 /* ICHObjectPrinter */,
				F272E504196B01F400C613B5 /* ICHObjectPrinterTests */,
				F272E4DE196B01F400C613B5 /* Frameworks */,
				F272E4DD196B01F400C613B5 /* Products */,
			);
			sourceTree = "<group>";
		};
		F272E4DD196B01F400C613B5 /* Products */ = {
			isa = PBXGroup;
			children = (
				F272E4DC196B01F400C613B5 /* ICHObjectPrinter.app */,
				F272E4FD196B01F400C613B5 /* ICHObjectPrinterTests.xctest */,
			);
			name = Products;
			sourceTree = "<group>";
		};
		F272E4DE196B01F400C613B5 /* Frameworks */ = {
			isa = PBXGroup;
			children = (
				F272E4DF196B01F400C613B5 /* Foundation.framework */,
				F272E4E1196B01F400C613B5 /* CoreGraphics.framework */,
				F272E4E3196B01F400C613B5 /* UIKit.framework */,
				F272E4FE196B01F400C613B5 /* XCTest.framework */,
			);
			name = Frameworks;
			sourceTree = "<group>";
		};
		F272E4E5196B01F400C613B5 /* ICHObjectPrinter */ = {
			isa = PBXGroup;
			children = (
				F272E514196B021A00C613B5 /* ICHObjectPrinter */,
				F272E4EE196B01F400C613B5 /* ICHAppDelegate.h */,
				F272E4EF196B01F400C613B5 /* ICHAppDelegate.m */,
				F272E4F1196B01F400C613B5 /* Main.storyboard */,
				F272E4F4196B01F400C613B5 /* ICHViewController.h */,
				F272E4F5196B01F400C613B5 /* ICHViewController.m */,
				F272E4F7196B01F400C613B5 /* Images.xcassets */,
				F272E518196B023C00C613B5 /* ModelObjects */,
				F272E4E6196B01F400C613B5 /* Supporting Files */,
			);
			path = ICHObjectPrinter;
			sourceTree = "<group>";
		};
		F272E4E6196B01F400C613B5 /* Supporting Files */ = {
			isa = PBXGroup;
			children = (
				F272E4E7196B01F400C613B5 /* ICHObjectPrinter-Info.plist */,
				F272E4E8196B01F400C613B5 /* InfoPlist.strings */,
				F272E4EB196B01F400C613B5 /* main.m */,
				F272E4ED196B01F400C613B5 /* ICHObjectPrinter-Prefix.pch */,
			);
			name = "Supporting Files";
			sourceTree = "<group>";
		};
		F272E504196B01F400C613B5 /* ICHObjectPrinterTests */ = {
			isa = PBXGroup;
			children = (
				F272E50A196B01F400C613B5 /* ICHObjectPrinterTests.m */,
				F272E505196B01F400C613B5 /* Supporting Files */,
			);
			path = ICHObjectPrinterTests;
			sourceTree = "<group>";
		};
		F272E505196B01F400C613B5 /* Supporting Files */ = {
			isa = PBXGroup;
			children = (
				F272E506196B01F400C613B5 /* ICHObjectPrinterTests-Info.plist */,
				F272E507196B01F400C613B5 /* InfoPlist.strings */,
			);
			name = "Supporting Files";
			sourceTree = "<group>";
		};
		F272E514196B021A00C613B5 /* ICHObjectPrinter */ = {
			isa = PBXGroup;
			children = (
				F272E515196B021A00C613B5 /* ICHObjectPrinter.h */,
				F272E516196B021A00C613B5 /* ICHObjectPrinter.m */,
			);
			path = ICHObjectPrinter;
			sourceTree = "<group>";
		};
		F272E518196B023C00C613B5 /* ModelObjects */ = {
			isa = PBXGroup;
			children = (
				F272E519196B023C00C613B5 /* Person */,
			);
			path = ModelObjects;
			sourceTree = "<group>";
		};
		F272E519196B023C00C613B5 /* Person */ = {
			isa = PBXGroup;
			children = (
				F272E51C196B023C00C613B5 /* ICHPerson.h */,
				F272E51D196B023C00C613B5 /* ICHPerson.m */,
			);
			path = Person;
			sourceTree = "<group>";
		};
/* End PBXGroup section */

/* Begin PBXNativeTarget section */
		F272E4DB196B01F400C613B5 /* ICHObjectPrinter */ = {
			isa = PBXNativeTarget;
			buildConfigurationList = F272E50E196B01F400C613B5 /* Build configuration list for PBXNativeTarget "ICHObjectPrinter" */;
			buildPhases = (
				F272E4D8196B01F400C613B5 /* Sources */,
				F272E4D9196B01F400C613B5 /* Frameworks */,
				F272E4DA196B01F400C613B5 /* Resources */,
			);
			buildRules = (
			);
			dependencies = (
			);
			name = ICHObjectPrinter;
			productName = ICHObjectPrinter;
			productReference = F272E4DC196B01F400C613B5 /* ICHObjectPrinter.app */;
			productType = "com.apple.product-type.application";
		};
		F272E4FC196B01F400C613B5 /* ICHObjectPrinterTests */ = {
			isa = PBXNativeTarget;
			buildConfigurationList = F272E511196B01F400C613B5 /* Build configuration list for PBXNativeTarget "ICHObjectPrinterTests" */;
			buildPhases = (
				F272E4F9196B01F400C613B5 /* Sources */,
				F272E4FA196B01F400C613B5 /* Frameworks */,
				F272E4FB196B01F400C613B5 /* Resources */,
			);
			buildRules = (
			);
			dependencies = (
				F272E503196B01F400C613B5 /* PBXTargetDependency */,
			);
			name = ICHObjectPrinterTests;
			productName = ICHObjectPrinterTests;
			productReference = F272E4FD196B01F400C613B5 /* ICHObjectPrinterTests.xctest */;
			productType = "com.apple.product-type.bundle.unit-test";
		};
/* End PBXNativeTarget section */

/* Begin PBXProject section */
		F272E4D4196B01F400C613B5 /* Project object */ = {
			isa = PBXProject;
			attributes = {
				CLASSPREFIX = ICH;
				LastUpgradeCheck = 0510;
				ORGANIZATIONNAME = ichathan.com;
				TargetAttributes = {
					F272E4FC196B01F400C613B5 = {
						TestTargetID = F272E4DB196B01F400C613B5;
					};
				};
			};
			buildConfigurationList = F272E4D7196B01F400C613B5 /* Build configuration list for PBXProject "ICHObjectPrinter" */;
			compatibilityVersion = "Xcode 3.2";
			developmentRegion = English;
			hasScannedForEncodings = 0;
			knownRegions = (
				en,
				Base,
			);
			mainGroup = F272E4D3196B01F400C613B5;
			productRefGroup = F272E4DD196B01F400C613B5 /* Products */;
			projectDirPath = "";
			projectRoot = "";
			targets = (
				F272E4DB196B01F400C613B5 /* ICHObjectPrinter */,
				F272E4FC196B01F400C613B5 /* ICHObjectPrinterTests */,
			);
		};
/* End PBXProject section */

/* Begin PBXResourcesBuildPhase section */
		F272E4DA196B01F400C613B5 /* Resources */ = {
			isa = PBXResourcesBuildPhase;
			buildActionMask = 2147483647;
			files = (
				F272E4F8196B01F400C613B5 /* Images.xcassets in Resources */,
				F272E4EA196B01F400C613B5 /* InfoPlist.strings in Resources */,
				F272E4F3196B01F400C613B5 /* Main.storyboard in Resources */,
			);
			runOnlyForDeploymentPostprocessing = 0;
		};
		F272E4FB196B01F400C613B5 /* Resources */ = {
			isa = PBXResourcesBuildPhase;
			buildActionMask = 2147483647;
			files = (
				F272E509196B01F400C613B5 /* InfoPlist.strings in Resources */,
			);
			runOnlyForDeploymentPostprocessing = 0;
		};
/* End PBXResourcesBuildPhase section */

/* Begin PBXSourcesBuildPhase section */
		F272E4D8196B01F400C613B5 /* Sources */ = {
			isa = PBXSourcesBuildPhase;
			buildActionMask = 2147483647;
			files = (
				F272E517196B021A00C613B5 /* ICHObjectPrinter.m in Sources */,
				F272E4F6196B01F400C613B5 /* ICHViewController.m in Sources */,
				F272E51F196B023C00C613B5 /* ICHPerson.m in Sources */,
				F272E4EC196B01F400C613B5 /* main.m in Sources */,
				F272E4F0196B01F400C613B5 /* ICHAppDelegate.m in Sources */,
			);
			runOnlyForDeploymentPostprocessing = 0;
		};
		F272E4F9196B01F400C613B5 /* Sources */ = {
			isa = PBXSourcesBuildPhase;
			buildActionMask = 2147483647;
			files = (
				F272E50B196B01F400C613B5 /* ICHObjectPrinterTests.m in Sources */,
			);
			runOnlyForDeploymentPostprocessing = 0;
		};
/* End PBXSourcesBuildPhase section */

/* Begin PBXTargetDependency section */
		F272E503196B01F400C613B5 /* PBXTargetDependency */ = {
			isa = PBXTargetDependency;
			target = F272E4DB196B01F400C613B5 /* ICHObjectPrinter */;
			targetProxy = F272E502196B01F400C613B5 /* PBXContainerItemProxy */;
		};
/* End PBXTargetDependency section */

/* Begin PBXVariantGroup section */
		F272E4E8196B01F400C613B5 /* InfoPlist.strings */ = {
			isa = PBXVariantGroup;
			children = (
				F272E4E9196B01F400C613B5 /* en */,
			);
			name = InfoPlist.strings;
			sourceTree = "<group>";
		};
		F272E4F1196B01F400C613B5 /* Main.storyboard */ = {
			isa = PBXVariantGroup;
			children = (
				F272E4F2196B01F400C613B5 /* Base */,
			);
			name = Main.storyboard;
			sourceTree = "<group>";
		};
		F272E507196B01F400C613B5 /* InfoPlist.strings */ = {
			isa = PBXVariantGroup;
			children = (
				F272E508196B01F400C613B5 /* en */,
			);
			name = InfoPlist.strings;
			sourceTree = "<group>";
		};
/* End PBXVariantGroup section */

/* Begin XCBuildConfiguration section */
		F272E50C196B01F400C613B5 /* Debug */ = {
			isa = XCBuildConfiguration;
			buildSettings = {
				ALWAYS_SEARCH_USER_PATHS = NO;
				CLANG_CXX_LANGUAGE_STANDARD = "gnu++0x";
				CLANG_CXX_LIBRARY = "libc++";
				CLANG_ENABLE_MODULES = YES;
				CLANG_ENABLE_OBJC_ARC = YES;
				CLANG_WARN_BOOL_CONVERSION = YES;
				CLANG_WARN_CONSTANT_CONVERSION = YES;
				CLANG_WARN_DIRECT_OBJC_ISA_USAGE = YES_ERROR;
				CLANG_WARN_EMPTY_BODY = YES;
				CLANG_WARN_ENUM_CONVERSION = YES;
				CLANG_WARN_INT_CONVERSION = YES;
				CLANG_WARN_OBJC_ROOT_CLASS = YES_ERROR;
				CLANG_WARN__DUPLICATE_METHOD_MATCH = YES;
				"CODE_SIGN_IDENTITY[sdk=iphoneos*]" = "iPhone Developer";
				COPY_PHASE_STRIP = NO;
				GCC_C_LANGUAGE_STANDARD = gnu99;
				GCC_DYNAMIC_NO_PIC = NO;
				GCC_OPTIMIZATION_LEVEL = 0;
				GCC_PREPROCESSOR_DEFINITIONS = (
					"DEBUG=1",
					"$(inherited)",
				);
				GCC_SYMBOLS_PRIVATE_EXTERN = NO;
				GCC_WARN_64_TO_32_BIT_CONVERSION = YES;
				GCC_WARN_ABOUT_RETURN_TYPE = YES_ERROR;
				GCC_WARN_UNDECLARED_SELECTOR = YES;
				GCC_WARN_UNINITIALIZED_AUTOS = YES_AGGRESSIVE;
				GCC_WARN_UNUSED_FUNCTION = YES;
				GCC_WARN_UNUSED_VARIABLE = YES;
				IPHONEOS_DEPLOYMENT_TARGET = 7.1;
				ONLY_ACTIVE_ARCH = YES;
				SDKROOT = iphoneos;
			};
			name = Debug;
		};
		F272E50D196B01F400C613B5 /* Release */ = {
			isa = XCBuildConfiguration;
			buildSettings = {
				ALWAYS_SEARCH_USER_PATHS = NO;
				CLANG_CXX_LANGUAGE_STANDARD = "gnu++0x";
				CLANG_CXX_LIBRARY = "libc++";
				CLANG_ENABLE_MODULES = YES;
				CLANG_ENABLE_OBJC_ARC = YES;
				CLANG_WARN_BOOL_CONVERSION = YES;
				CLANG_WARN_CONSTANT_CONVERSION = YES;
				CLANG_WARN_DIRECT_OBJC_ISA_USAGE = YES_ERROR;
				CLANG_WARN_EMPTY_BODY = YES;
				CLANG_WARN_ENUM_CONVERSION = YES;
				CLANG_WARN_INT_CONVERSION = YES;
				CLANG_WARN_OBJC_ROOT_CLASS = YES_ERROR;
				CLANG_WARN__DUPLICATE_METHOD_MATCH = YES;
				"CODE_SIGN_IDENTITY[sdk=iphoneos*]" = "iPhone Developer";
				COPY_PHASE_STRIP = YES;
				ENABLE_NS_ASSERTIONS = NO;
				GCC_C_LANGUAGE_STANDARD = gnu99;
				GCC_WARN_64_TO_32_BIT_CONVERSION = YES;
				GCC_WARN_ABOUT_RETURN_TYPE = YES_ERROR;
				GCC_WARN_UNDECLARED_SELECTOR = YES;
				GCC_WARN_UNINITIALIZED_AUTOS = YES_AGGRESSIVE;
				GCC_WARN_UNUSED_FUNCTION = YES;
				GCC_WARN_UNUSED_VARIABLE = YES;
				IPHONEOS_DEPLOYMENT_TARGET = 7.1;
				SDKROOT = iphoneos;
				VALIDATE_PRODUCT = YES;
			};
			name = Release;
		};
		F272E50F196B01F400C613B5 /* Debug */ = {
			isa = XCBuildConfiguration;
			buildSettings = {
				ASSETCATALOG_COMPILER_APPICON_NAME = AppIcon;
				ASSETCATALOG_COMPILER_LAUNCHIMAGE_NAME = LaunchImage;
				GCC_PRECOMPILE_PREFIX_HEADER = YES;
				GCC_PREFIX_HEADER = "ICHObjectPrinter/ICHObjectPrinter-Prefix.pch";
				INFOPLIST_FILE = "ICHObjectPrinter/ICHObjectPrinter-Info.plist";
				PRODUCT_NAME = "$(TARGET_NAME)";
				WRAPPER_EXTENSION = app;
			};
			name = Debug;
		};
		F272E510196B01F400C613B5 /* Release */ = {
			isa = XCBuildConfiguration;
			buildSettings = {
				ASSETCATALOG_COMPILER_APPICON_NAME = AppIcon;
				ASSETCATALOG_COMPILER_LAUNCHIMAGE_NAME = LaunchImage;
				GCC_PRECOMPILE_PREFIX_HEADER = YES;
				GCC_PREFIX_HEADER = "ICHObjectPrinter/ICHObjectPrinter-Prefix.pch";
				INFOPLIST_FILE = "ICHObjectPrinter/ICHObjectPrinter-Info.plist";
				PRODUCT_NAME = "$(TARGET_NAME)";
				WRAPPER_EXTENSION = app;
			};
			name = Release;
		};
		F272E512196B01F400C613B5 /* Debug */ = {
			isa = XCBuildConfiguration;
			buildSettings = {
				BUNDLE_LOADER = "$(BUILT_PRODUCTS_DIR)/ICHObjectPrinter.app/ICHObjectPrinter";
				FRAMEWORK_SEARCH_PATHS = (
					"$(SDKROOT)/Developer/Library/Frameworks",
					"$(inherited)",
					"$(DEVELOPER_FRAMEWORKS_DIR)",
				);
				GCC_PRECOMPILE_PREFIX_HEADER = YES;
				GCC_PREFIX_HEADER = "ICHObjectPrinter/ICHObjectPrinter-Prefix.pch";
				GCC_PREPROCESSOR_DEFINITIONS = (
					"DEBUG=1",
					"$(inherited)",
				);
				INFOPLIST_FILE = "ICHObjectPrinterTests/ICHObjectPrinterTests-Info.plist";
				PRODUCT_NAME = "$(TARGET_NAME)";
				TEST_HOST = "$(BUNDLE_LOADER)";
				WRAPPER_EXTENSION = xctest;
			};
			name = Debug;
		};
		F272E513196B01F400C613B5 /* Release */ = {
			isa = XCBuildConfiguration;
			buildSettings = {
				BUNDLE_LOADER = "$(BUILT_PRODUCTS_DIR)/ICHObjectPrinter.app/ICHObjectPrinter";
				FRAMEWORK_SEARCH_PATHS = (
					"$(SDKROOT)/Developer/Library/Frameworks",
					"$(inherited)",
					"$(DEVELOPER_FRAMEWORKS_DIR)",
				);
				GCC_PRECOMPILE_PREFIX_HEADER = YES;
				GCC_PREFIX_HEADER = "ICHObjectPrinter/ICHObjectPrinter-Prefix.pch";
				INFOPLIST_FILE = "ICHObjectPrinterTests/ICHObjectPrinterTests-Info.plist";
				PRODUCT_NAME = "$(TARGET_NAME)";
				TEST_HOST = "$(BUNDLE_LOADER)";
				WRAPPER_EXTENSION = xctest;
			};
			name = Release;
		};
/* End XCBuildConfiguration section */

/* Begin XCConfigurationList section */
		F272E4D7196B01F400C613B5 /* Build configuration list for PBXProject "ICHObjectPrinter" */ = {
			isa = XCConfigurationList;
			buildConfigurations = (
				F272E50C196B01F400C613B5 /* Debug */,
				F272E50D196B01F400C613B5 /* Release */,
			);
			defaultConfigurationIsVisible = 0;
			defaultConfigurationName = Release;
		};
		F272E50E196B01F400C613B5 /* Build configuration list for PBXNativeTarget "ICHObjectPrinter" */ = {
			isa = XCConfigurationList;
			buildConfigurations = (
				F272E50F196B01F400C613B5 /* Debug */,
				F272E510196B01F400C613B5 /* Release */,
			);
			defaultConfigurationIsVisible = 0;
		};
		F272E511196B01F400C613B5 /* Build configuration list for PBXNativeTarget "ICHObjectPrinterTests" */ = {
			isa = XCConfigurationList;
			buildConfigurations = (
				F272E512196B01F400C613B5 /* Debug */,
				F272E513196B01F400C613B5 /* Release */,
			);
			defaultConfigurationIsVisible = 0;
		};
/* End XCConfigurationList section */
	};
	rootObject = F272E4D4196B01F400C613B5 /* Project object */;
}
